
Microsoft Visual Studio Solution File, Format Version 12.00
# Visual Studio Version 17
VisualStudioVersion = 17.9.34714.143
MinimumVisualStudioVersion = 10.0.40219.1
Project("{FAE04EC0-301F-11D3-BF4B-00C04F79EFBC}") = "Notes", "Notes\Notes.csproj", "{A48F1B0A-4D2B-4827-936D-1EAF2564F7E7}"
EndProject
Global
	GlobalSection(SolutionConfigurationPlatforms) = preSolution
		Debug|Any CPU = Debug|Any CPU
		Release|Any CPU = Release|Any CPU
	EndGlobalSection
	GlobalSection(ProjectConfigurationPlatforms) = postSolution
		{A48F1B0A-4D2B-4827-936D-1EAF2564F7E7}.Debug|Any CPU.ActiveCfg = Debug|Any CPU
		{A48F1B0A-4D2B-4827-936D-1EAF2564F7E7}.Debug|Any CPU.Build.0 = Debug|Any CPU
		{A48F1B0A-4D2B-4827-936D-1EAF2564F7E7}.Debug|Any CPU.Deploy.0 = Debug|Any CPU
		{A48F1B0A-4D2B-4827-936D-1EAF2564F7E7}.Release|Any CPU.ActiveCfg = Release|Any CPU
		{A48F1B0A-4D2B-4827-936D-1EAF2564F7E7}.Release|Any CPU.Build.0 = Release|Any CPU
		{A48F1B0A-4D2B-4827-936D-1EAF2564F7E7}.Release|Any CPU.Deploy.0 = Release|Any CPU
	EndGlobalSection
	GlobalSection(SolutionProperties) = preSolution
		HideSolutionNode = FALSE
	EndGlobalSection
	GlobalSection(ExtensibilityGlobals) = postSolution
		SolutionGuid = {D62892EE-9702-4A2C-85F0-2920BE3FD69D}
	EndGlobalSection
EndGlobal
